// !$*UTF8*$!
{
	archiveVersion = 1;
	classes = {
	};
	objectVersion = 56;
	objects = {

/* Begin PBXBuildFile section */
		924E5A302A97526E007E3D02 /* SwiftUIChatAppApp.swift in Sources */ = {isa = PBXBuildFile; fileRef = 924E5A2F2A97526E007E3D02 /* SwiftUIChatAppApp.swift */; };
		924E5A322A97526E007E3D02 /* ContentView.swift in Sources */ = {isa = PBXBuildFile; fileRef = 924E5A312A97526E007E3D02 /* ContentView.swift */; };
		924E5A342A975270007E3D02 /* Assets.xcassets in Resources */ = {isa = PBXBuildFile; fileRef = 924E5A332A975270007E3D02 /* Assets.xcassets */; };
		924E5A382A975270007E3D02 /* Preview Assets.xcassets in Resources */ = {isa = PBXBuildFile; fileRef = 924E5A372A975270007E3D02 /* Preview Assets.xcassets */; };
		924E5A402A97530A007E3D02 /* FirebaseAuth in Frameworks */ = {isa = PBXBuildFile; productRef = 924E5A3F2A97530A007E3D02 /* FirebaseAuth */; };
		924E5A422A97530A007E3D02 /* FirebaseDatabase in Frameworks */ = {isa = PBXBuildFile; productRef = 924E5A412A97530A007E3D02 /* FirebaseDatabase */; };
		924E5A442A97530A007E3D02 /* FirebaseDatabaseSwift in Frameworks */ = {isa = PBXBuildFile; productRef = 924E5A432A97530A007E3D02 /* FirebaseDatabaseSwift */; };
		924E5A462A97530A007E3D02 /* FirebaseFirestore in Frameworks */ = {isa = PBXBuildFile; productRef = 924E5A452A97530A007E3D02 /* FirebaseFirestore */; };
		924E5A482A97530A007E3D02 /* FirebaseFirestoreSwift in Frameworks */ = {isa = PBXBuildFile; productRef = 924E5A472A97530A007E3D02 /* FirebaseFirestoreSwift */; };
		924E5A4A2A97530A007E3D02 /* FirebaseStorage in Frameworks */ = {isa = PBXBuildFile; productRef = 924E5A492A97530A007E3D02 /* FirebaseStorage */; };
		924E5A4D2A975387007E3D02 /* SDWebImageSwiftUI in Frameworks */ = {isa = PBXBuildFile; productRef = 924E5A4C2A975387007E3D02 /* SDWebImageSwiftUI */; };
		924E5A502A9753A5007E3D02 /* MapItemPicker in Frameworks */ = {isa = PBXBuildFile; productRef = 924E5A4F2A9753A5007E3D02 /* MapItemPicker */; };
		924E5A542A975419007E3D02 /* SplashView.swift in Sources */ = {isa = PBXBuildFile; fileRef = 924E5A532A975419007E3D02 /* SplashView.swift */; };
		924E5A562A97546E007E3D02 /* LoginView.swift in Sources */ = {isa = PBXBuildFile; fileRef = 924E5A552A97546E007E3D02 /* LoginView.swift */; };
		924E5A582A97547A007E3D02 /* SignUpView.swift in Sources */ = {isa = PBXBuildFile; fileRef = 924E5A572A97547A007E3D02 /* SignUpView.swift */; };
		924E5A5C2A9754B7007E3D02 /* OnboardingView.swift in Sources */ = {isa = PBXBuildFile; fileRef = 924E5A5B2A9754B7007E3D02 /* OnboardingView.swift */; };
		924E5A612A97555F007E3D02 /* LoginViewModel.swift in Sources */ = {isa = PBXBuildFile; fileRef = 924E5A5E2A97555E007E3D02 /* LoginViewModel.swift */; };
		924E5A622A97555F007E3D02 /* SignUpViewModel.swift in Sources */ = {isa = PBXBuildFile; fileRef = 924E5A5F2A97555F007E3D02 /* SignUpViewModel.swift */; };
		924E5A632A97555F007E3D02 /* EditProfileViewModel.swift in Sources */ = {isa = PBXBuildFile; fileRef = 924E5A602A97555F007E3D02 /* EditProfileViewModel.swift */; };
		924E5A6C2A975985007E3D02 /* UsersModel.swift in Sources */ = {isa = PBXBuildFile; fileRef = 924E5A692A975984007E3D02 /* UsersModel.swift */; };
		924E5A6D2A975985007E3D02 /* CountryModel.swift in Sources */ = {isa = PBXBuildFile; fileRef = 924E5A6A2A975984007E3D02 /* CountryModel.swift */; };
		924E5A6E2A975985007E3D02 /* AuthUserModel.swift in Sources */ = {isa = PBXBuildFile; fileRef = 924E5A6B2A975985007E3D02 /* AuthUserModel.swift */; };
		924E5A702A975D59007E3D02 /* MessageModel.swift in Sources */ = {isa = PBXBuildFile; fileRef = 924E5A6F2A975D59007E3D02 /* MessageModel.swift */; };
		924E5A7D2A975E15007E3D02 /* VideoData.json in Resources */ = {isa = PBXBuildFile; fileRef = 924E5A792A975E15007E3D02 /* VideoData.json */; };
		924E5A7E2A975E15007E3D02 /* LocalCountryCodes.json in Resources */ = {isa = PBXBuildFile; fileRef = 924E5A7A2A975E15007E3D02 /* LocalCountryCodes.json */; };
		924E5A7F2A975E15007E3D02 /* LocalLandmarkData.json in Resources */ = {isa = PBXBuildFile; fileRef = 924E5A7B2A975E15007E3D02 /* LocalLandmarkData.json */; };
		924E5A802A975E15007E3D02 /* LocalVideoData.json in Resources */ = {isa = PBXBuildFile; fileRef = 924E5A7C2A975E15007E3D02 /* LocalVideoData.json */; };
		924E5A852A975EA3007E3D02 /* LocationManager.swift in Sources */ = {isa = PBXBuildFile; fileRef = 924E5A822A975EA2007E3D02 /* LocationManager.swift */; };
		924E5A862A975EA3007E3D02 /* StringConstants.swift in Sources */ = {isa = PBXBuildFile; fileRef = 924E5A832A975EA3007E3D02 /* StringConstants.swift */; };
		924E5A872A975EA3007E3D02 /* ViewExtensions.swift in Sources */ = {isa = PBXBuildFile; fileRef = 924E5A842A975EA3007E3D02 /* ViewExtensions.swift */; };
		924E5A9B2A975EB0007E3D02 /* CustomTxtField.swift in Sources */ = {isa = PBXBuildFile; fileRef = 924E5A892A975EB0007E3D02 /* CustomTxtField.swift */; };
		924E5A9C2A975EB0007E3D02 /* CustomBtn.swift in Sources */ = {isa = PBXBuildFile; fileRef = 924E5A8A2A975EB0007E3D02 /* CustomBtn.swift */; };
		924E5A9D2A975EB0007E3D02 /* CustomTxtFieldStyle.swift in Sources */ = {isa = PBXBuildFile; fileRef = 924E5A8B2A975EB0007E3D02 /* CustomTxtFieldStyle.swift */; };
		924E5A9E2A975EB0007E3D02 /* RectangleShadowView.swift in Sources */ = {isa = PBXBuildFile; fileRef = 924E5A8C2A975EB0007E3D02 /* RectangleShadowView.swift */; };
		924E5A9F2A975EB0007E3D02 /* CustomRatingView.swift in Sources */ = {isa = PBXBuildFile; fileRef = 924E5A8D2A975EB0007E3D02 /* CustomRatingView.swift */; };
		924E5AA02A975EB0007E3D02 /* CustomCountryPickerView.swift in Sources */ = {isa = PBXBuildFile; fileRef = 924E5A8E2A975EB0007E3D02 /* CustomCountryPickerView.swift */; };
		924E5AA12A975EB0007E3D02 /* CircleImage.swift in Sources */ = {isa = PBXBuildFile; fileRef = 924E5A8F2A975EB0007E3D02 /* CircleImage.swift */; };
		924E5AA22A975EB0007E3D02 /* CustomDatePickerView.swift in Sources */ = {isa = PBXBuildFile; fileRef = 924E5A902A975EB0007E3D02 /* CustomDatePickerView.swift */; };
		924E5AA32A975EB0007E3D02 /* CustomSDWebImageView.swift in Sources */ = {isa = PBXBuildFile; fileRef = 924E5A912A975EB0007E3D02 /* CustomSDWebImageView.swift */; };
		924E5AA42A975EB0007E3D02 /* CustomPickerView.swift in Sources */ = {isa = PBXBuildFile; fileRef = 924E5A922A975EB0007E3D02 /* CustomPickerView.swift */; };
		924E5AA52A975EB0007E3D02 /* CustomMapView.swift in Sources */ = {isa = PBXBuildFile; fileRef = 924E5A932A975EB0007E3D02 /* CustomMapView.swift */; };
		924E5AA62A975EB0007E3D02 /* CustomProgressView.swift in Sources */ = {isa = PBXBuildFile; fileRef = 924E5A942A975EB0007E3D02 /* CustomProgressView.swift */; };
		924E5AA72A975EB0007E3D02 /* CustomUserForm.swift in Sources */ = {isa = PBXBuildFile; fileRef = 924E5A952A975EB0007E3D02 /* CustomUserForm.swift */; };
		924E5AA82A975EB0007E3D02 /* CustomCircularProfilePicture.swift in Sources */ = {isa = PBXBuildFile; fileRef = 924E5A962A975EB0007E3D02 /* CustomCircularProfilePicture.swift */; };
		924E5AA92A975EB0007E3D02 /* CustomMapSnapShotView.swift in Sources */ = {isa = PBXBuildFile; fileRef = 924E5A972A975EB0007E3D02 /* CustomMapSnapShotView.swift */; };
		924E5AAA2A975EB0007E3D02 /* CustomLocationPicker.swift in Sources */ = {isa = PBXBuildFile; fileRef = 924E5A982A975EB0007E3D02 /* CustomLocationPicker.swift */; };
		924E5AAB2A975EB0007E3D02 /* CustomBackButton.swift in Sources */ = {isa = PBXBuildFile; fileRef = 924E5A992A975EB0007E3D02 /* CustomBackButton.swift */; };
		924E5AAC2A975EB0007E3D02 /* CustomVideoPlayerView.swift in Sources */ = {isa = PBXBuildFile; fileRef = 924E5A9A2A975EB0007E3D02 /* CustomVideoPlayerView.swift */; };
		924E5AB22A975EB8007E3D02 /* CustomHideKeyboardModifier.swift in Sources */ = {isa = PBXBuildFile; fileRef = 924E5AAE2A975EB8007E3D02 /* CustomHideKeyboardModifier.swift */; };
		924E5AB32A975EB8007E3D02 /* CustomDatePickerModifier.swift in Sources */ = {isa = PBXBuildFile; fileRef = 924E5AAF2A975EB8007E3D02 /* CustomDatePickerModifier.swift */; };
		924E5AB42A975EB8007E3D02 /* CustomLoaderModifier.swift in Sources */ = {isa = PBXBuildFile; fileRef = 924E5AB02A975EB8007E3D02 /* CustomLoaderModifier.swift */; };
		924E5AB52A975EB8007E3D02 /* NavigationUtils.swift in Sources */ = {isa = PBXBuildFile; fileRef = 924E5AB12A975EB8007E3D02 /* NavigationUtils.swift */; };
		924E5AB82A97614C007E3D02 /* GoogleService-Info.plist in Resources */ = {isa = PBXBuildFile; fileRef = 924E5AB72A97614C007E3D02 /* GoogleService-Info.plist */; };
		92A359042A9763D200602586 /* SessionManager.swift in Sources */ = {isa = PBXBuildFile; fileRef = 92A359032A9763D200602586 /* SessionManager.swift */; };
		92A359062A9763D900602586 /* LocalDataManager.swift in Sources */ = {isa = PBXBuildFile; fileRef = 92A359052A9763D900602586 /* LocalDataManager.swift */; };
		92A3590A2A9763E300602586 /* SignUpValidator.swift in Sources */ = {isa = PBXBuildFile; fileRef = 92A359072A9763E300602586 /* SignUpValidator.swift */; };
		92A3590B2A9763E300602586 /* LoginValidator.swift in Sources */ = {isa = PBXBuildFile; fileRef = 92A359082A9763E300602586 /* LoginValidator.swift */; };
		92A3590C2A9763E300602586 /* EditProfileValidator.swift in Sources */ = {isa = PBXBuildFile; fileRef = 92A359092A9763E300602586 /* EditProfileValidator.swift */; };
		92A3590E2A9763EB00602586 /* ValidationResult.swift in Sources */ = {isa = PBXBuildFile; fileRef = 92A3590D2A9763EB00602586 /* ValidationResult.swift */; };
		92A359112A97648B00602586 /* ProfileView.swift in Sources */ = {isa = PBXBuildFile; fileRef = 92A359102A97648B00602586 /* ProfileView.swift */; };
		92A359132A97649200602586 /* OtherUserProfileView.swift in Sources */ = {isa = PBXBuildFile; fileRef = 92A359122A97649200602586 /* OtherUserProfileView.swift */; };
		92A359152A97649A00602586 /* EditProfileView.swift in Sources */ = {isa = PBXBuildFile; fileRef = 92A359142A97649A00602586 /* EditProfileView.swift */; };
		92A359182A9764AE00602586 /* SingleChatView.swift in Sources */ = {isa = PBXBuildFile; fileRef = 92A359162A9764AD00602586 /* SingleChatView.swift */; };
		92A359192A9764AE00602586 /* ShareSheetView.swift in Sources */ = {isa = PBXBuildFile; fileRef = 92A359172A9764AE00602586 /* ShareSheetView.swift */; };
		92A3591B2A9764B500602586 /* NewChatView.swift in Sources */ = {isa = PBXBuildFile; fileRef = 92A3591A2A9764B500602586 /* NewChatView.swift */; };
		92A3591D2A9764BC00602586 /* ChatListView.swift in Sources */ = {isa = PBXBuildFile; fileRef = 92A3591C2A9764BC00602586 /* ChatListView.swift */; };
		92A359222A9764C500602586 /* ChatListRow.swift in Sources */ = {isa = PBXBuildFile; fileRef = 92A3591F2A9764C500602586 /* ChatListRow.swift */; };
		92A359232A9764C500602586 /* UsersView.swift in Sources */ = {isa = PBXBuildFile; fileRef = 92A359202A9764C500602586 /* UsersView.swift */; };
		92A359242A9764C500602586 /* ChatRow.swift in Sources */ = {isa = PBXBuildFile; fileRef = 92A359212A9764C500602586 /* ChatRow.swift */; };
		92A3592A2A97652000602586 /* UserViewModel.swift in Sources */ = {isa = PBXBuildFile; fileRef = 92A359262A97652000602586 /* UserViewModel.swift */; };
		92A3592B2A97652000602586 /* SingleChatViewModel.swift in Sources */ = {isa = PBXBuildFile; fileRef = 92A359272A97652000602586 /* SingleChatViewModel.swift */; };
		92A3592C2A97652000602586 /* NewChatListViewModel.swift in Sources */ = {isa = PBXBuildFile; fileRef = 92A359282A97652000602586 /* NewChatListViewModel.swift */; };
		92A3592D2A97652000602586 /* ChatListViewModel.swift in Sources */ = {isa = PBXBuildFile; fileRef = 92A359292A97652000602586 /* ChatListViewModel.swift */; };
		92A359312A978DEF00602586 /* ChatAttachmentDetailsView.swift in Sources */ = {isa = PBXBuildFile; fileRef = 92A359302A978DEF00602586 /* ChatAttachmentDetailsView.swift */; };
/* End PBXBuildFile section */

/* Begin PBXFileReference section */
		924E5A2C2A97526E007E3D02 /* SwiftUIChatApp.app */ = {isa = PBXFileReference; explicitFileType = wrapper.application; includeInIndex = 0; path = SwiftUIChatApp.app; sourceTree = BUILT_PRODUCTS_DIR; };
		924E5A2F2A97526E007E3D02 /* SwiftUIChatAppApp.swift */ = {isa = PBXFileReference; lastKnownFileType = sourcecode.swift; path = SwiftUIChatAppApp.swift; sourceTree = "<group>"; };
		924E5A312A97526E007E3D02 /* ContentView.swift */ = {isa = PBXFileReference; lastKnownFileType = sourcecode.swift; path = ContentView.swift; sourceTree = "<group>"; };
		924E5A332A975270007E3D02 /* Assets.xcassets */ = {isa = PBXFileReference; lastKnownFileType = folder.assetcatalog; path = Assets.xcassets; sourceTree = "<group>"; };
		924E5A352A975270007E3D02 /* SwiftUIChatApp.entitlements */ = {isa = PBXFileReference; lastKnownFileType = text.plist.entitlements; path = SwiftUIChatApp.entitlements; sourceTree = "<group>"; };
		924E5A372A975270007E3D02 /* Preview Assets.xcassets */ = {isa = PBXFileReference; lastKnownFileType = folder.assetcatalog; path = "Preview Assets.xcassets"; sourceTree = "<group>"; };
		924E5A532A975419007E3D02 /* SplashView.swift */ = {isa = PBXFileReference; lastKnownFileType = sourcecode.swift; path = SplashView.swift; sourceTree = "<group>"; };
		924E5A552A97546E007E3D02 /* LoginView.swift */ = {isa = PBXFileReference; lastKnownFileType = sourcecode.swift; path = LoginView.swift; sourceTree = "<group>"; };
		924E5A572A97547A007E3D02 /* SignUpView.swift */ = {isa = PBXFileReference; lastKnownFileType = sourcecode.swift; path = SignUpView.swift; sourceTree = "<group>"; };
		924E5A5B2A9754B7007E3D02 /* OnboardingView.swift */ = {isa = PBXFileReference; lastKnownFileType = sourcecode.swift; path = OnboardingView.swift; sourceTree = "<group>"; };
		924E5A5E2A97555E007E3D02 /* LoginViewModel.swift */ = {isa = PBXFileReference; fileEncoding = 4; lastKnownFileType = sourcecode.swift; path = LoginViewModel.swift; sourceTree = "<group>"; };
		924E5A5F2A97555F007E3D02 /* SignUpViewModel.swift */ = {isa = PBXFileReference; fileEncoding = 4; lastKnownFileType = sourcecode.swift; path = SignUpViewModel.swift; sourceTree = "<group>"; };
		924E5A602A97555F007E3D02 /* EditProfileViewModel.swift */ = {isa = PBXFileReference; fileEncoding = 4; lastKnownFileType = sourcecode.swift; path = EditProfileViewModel.swift; sourceTree = "<group>"; };
		924E5A692A975984007E3D02 /* UsersModel.swift */ = {isa = PBXFileReference; fileEncoding = 4; lastKnownFileType = sourcecode.swift; path = UsersModel.swift; sourceTree = "<group>"; };
		924E5A6A2A975984007E3D02 /* CountryModel.swift */ = {isa = PBXFileReference; fileEncoding = 4; lastKnownFileType = sourcecode.swift; path = CountryModel.swift; sourceTree = "<group>"; };
		924E5A6B2A975985007E3D02 /* AuthUserModel.swift */ = {isa = PBXFileReference; fileEncoding = 4; lastKnownFileType = sourcecode.swift; path = AuthUserModel.swift; sourceTree = "<group>"; };
		924E5A6F2A975D59007E3D02 /* MessageModel.swift */ = {isa = PBXFileReference; fileEncoding = 4; lastKnownFileType = sourcecode.swift; path = MessageModel.swift; sourceTree = "<group>"; };
		924E5A792A975E15007E3D02 /* VideoData.json */ = {isa = PBXFileReference; fileEncoding = 4; lastKnownFileType = text.json; path = VideoData.json; sourceTree = "<group>"; };
		924E5A7A2A975E15007E3D02 /* LocalCountryCodes.json */ = {isa = PBXFileReference; fileEncoding = 4; lastKnownFileType = text.json; path = LocalCountryCodes.json; sourceTree = "<group>"; };
		924E5A7B2A975E15007E3D02 /* LocalLandmarkData.json */ = {isa = PBXFileReference; fileEncoding = 4; lastKnownFileType = text.json; path = LocalLandmarkData.json; sourceTree = "<group>"; };
		924E5A7C2A975E15007E3D02 /* LocalVideoData.json */ = {isa = PBXFileReference; fileEncoding = 4; lastKnownFileType = text.json; path = LocalVideoData.json; sourceTree = "<group>"; };
		924E5A822A975EA2007E3D02 /* LocationManager.swift */ = {isa = PBXFileReference; fileEncoding = 4; lastKnownFileType = sourcecode.swift; path = LocationManager.swift; sourceTree = "<group>"; };
		924E5A832A975EA3007E3D02 /* StringConstants.swift */ = {isa = PBXFileReference; fileEncoding = 4; lastKnownFileType = sourcecode.swift; path = StringConstants.swift; sourceTree = "<group>"; };
		924E5A842A975EA3007E3D02 /* ViewExtensions.swift */ = {isa = PBXFileReference; fileEncoding = 4; lastKnownFileType = sourcecode.swift; path = ViewExtensions.swift; sourceTree = "<group>"; };
		924E5A892A975EB0007E3D02 /* CustomTxtField.swift */ = {isa = PBXFileReference; fileEncoding = 4; lastKnownFileType = sourcecode.swift; path = CustomTxtField.swift; sourceTree = "<group>"; };
		924E5A8A2A975EB0007E3D02 /* CustomBtn.swift */ = {isa = PBXFileReference; fileEncoding = 4; lastKnownFileType = sourcecode.swift; path = CustomBtn.swift; sourceTree = "<group>"; };
		924E5A8B2A975EB0007E3D02 /* CustomTxtFieldStyle.swift */ = {isa = PBXFileReference; fileEncoding = 4; lastKnownFileType = sourcecode.swift; path = CustomTxtFieldStyle.swift; sourceTree = "<group>"; };
		924E5A8C2A975EB0007E3D02 /* RectangleShadowView.swift */ = {isa = PBXFileReference; fileEncoding = 4; lastKnownFileType = sourcecode.swift; path = RectangleShadowView.swift; sourceTree = "<group>"; };
		924E5A8D2A975EB0007E3D02 /* CustomRatingView.swift */ = {isa = PBXFileReference; fileEncoding = 4; lastKnownFileType = sourcecode.swift; path = CustomRatingView.swift; sourceTree = "<group>"; };
		924E5A8E2A975EB0007E3D02 /* CustomCountryPickerView.swift */ = {isa = PBXFileReference; fileEncoding = 4; lastKnownFileType = sourcecode.swift; path = CustomCountryPickerView.swift; sourceTree = "<group>"; };
		924E5A8F2A975EB0007E3D02 /* CircleImage.swift */ = {isa = PBXFileReference; fileEncoding = 4; lastKnownFileType = sourcecode.swift; path = CircleImage.swift; sourceTree = "<group>"; };
		924E5A902A975EB0007E3D02 /* CustomDatePickerView.swift */ = {isa = PBXFileReference; fileEncoding = 4; lastKnownFileType = sourcecode.swift; path = CustomDatePickerView.swift; sourceTree = "<group>"; };
		924E5A912A975EB0007E3D02 /* CustomSDWebImageView.swift */ = {isa = PBXFileReference; fileEncoding = 4; lastKnownFileType = sourcecode.swift; path = CustomSDWebImageView.swift; sourceTree = "<group>"; };
		924E5A922A975EB0007E3D02 /* CustomPickerView.swift */ = {isa = PBXFileReference; fileEncoding = 4; lastKnownFileType = sourcecode.swift; path = CustomPickerView.swift; sourceTree = "<group>"; };
		924E5A932A975EB0007E3D02 /* CustomMapView.swift */ = {isa = PBXFileReference; fileEncoding = 4; lastKnownFileType = sourcecode.swift; path = CustomMapView.swift; sourceTree = "<group>"; };
		924E5A942A975EB0007E3D02 /* CustomProgressView.swift */ = {isa = PBXFileReference; fileEncoding = 4; lastKnownFileType = sourcecode.swift; path = CustomProgressView.swift; sourceTree = "<group>"; };
		924E5A952A975EB0007E3D02 /* CustomUserForm.swift */ = {isa = PBXFileReference; fileEncoding = 4; lastKnownFileType = sourcecode.swift; path = CustomUserForm.swift; sourceTree = "<group>"; };
		924E5A962A975EB0007E3D02 /* CustomCircularProfilePicture.swift */ = {isa = PBXFileReference; fileEncoding = 4; lastKnownFileType = sourcecode.swift; path = CustomCircularProfilePicture.swift; sourceTree = "<group>"; };
		924E5A972A975EB0007E3D02 /* CustomMapSnapShotView.swift */ = {isa = PBXFileReference; fileEncoding = 4; lastKnownFileType = sourcecode.swift; path = CustomMapSnapShotView.swift; sourceTree = "<group>"; };
		924E5A982A975EB0007E3D02 /* CustomLocationPicker.swift */ = {isa = PBXFileReference; fileEncoding = 4; lastKnownFileType = sourcecode.swift; path = CustomLocationPicker.swift; sourceTree = "<group>"; };
		924E5A992A975EB0007E3D02 /* CustomBackButton.swift */ = {isa = PBXFileReference; fileEncoding = 4; lastKnownFileType = sourcecode.swift; path = CustomBackButton.swift; sourceTree = "<group>"; };
		924E5A9A2A975EB0007E3D02 /* CustomVideoPlayerView.swift */ = {isa = PBXFileReference; fileEncoding = 4; lastKnownFileType = sourcecode.swift; path = CustomVideoPlayerView.swift; sourceTree = "<group>"; };
		924E5AAE2A975EB8007E3D02 /* CustomHideKeyboardModifier.swift */ = {isa = PBXFileReference; fileEncoding = 4; lastKnownFileType = sourcecode.swift; path = CustomHideKeyboardModifier.swift; sourceTree = "<group>"; };
		924E5AAF2A975EB8007E3D02 /* CustomDatePickerModifier.swift */ = {isa = PBXFileReference; fileEncoding = 4; lastKnownFileType = sourcecode.swift; path = CustomDatePickerModifier.swift; sourceTree = "<group>"; };
		924E5AB02A975EB8007E3D02 /* CustomLoaderModifier.swift */ = {isa = PBXFileReference; fileEncoding = 4; lastKnownFileType = sourcecode.swift; path = CustomLoaderModifier.swift; sourceTree = "<group>"; };
		924E5AB12A975EB8007E3D02 /* NavigationUtils.swift */ = {isa = PBXFileReference; fileEncoding = 4; lastKnownFileType = sourcecode.swift; path = NavigationUtils.swift; sourceTree = "<group>"; };
		924E5AB72A97614C007E3D02 /* GoogleService-Info.plist */ = {isa = PBXFileReference; fileEncoding = 4; lastKnownFileType = text.plist.xml; path = "GoogleService-Info.plist"; sourceTree = "<group>"; };
		92A359032A9763D200602586 /* SessionManager.swift */ = {isa = PBXFileReference; fileEncoding = 4; lastKnownFileType = sourcecode.swift; path = SessionManager.swift; sourceTree = "<group>"; };
		92A359052A9763D900602586 /* LocalDataManager.swift */ = {isa = PBXFileReference; fileEncoding = 4; lastKnownFileType = sourcecode.swift; path = LocalDataManager.swift; sourceTree = "<group>"; };
		92A359072A9763E300602586 /* SignUpValidator.swift */ = {isa = PBXFileReference; fileEncoding = 4; lastKnownFileType = sourcecode.swift; path = SignUpValidator.swift; sourceTree = "<group>"; };
		92A359082A9763E300602586 /* LoginValidator.swift */ = {isa = PBXFileReference; fileEncoding = 4; lastKnownFileType = sourcecode.swift; path = LoginValidator.swift; sourceTree = "<group>"; };
		92A359092A9763E300602586 /* EditProfileValidator.swift */ = {isa = PBXFileReference; fileEncoding = 4; lastKnownFileType = sourcecode.swift; path = EditProfileValidator.swift; sourceTree = "<group>"; };
		92A3590D2A9763EB00602586 /* ValidationResult.swift */ = {isa = PBXFileReference; fileEncoding = 4; lastKnownFileType = sourcecode.swift; path = ValidationResult.swift; sourceTree = "<group>"; };
		92A359102A97648B00602586 /* ProfileView.swift */ = {isa = PBXFileReference; fileEncoding = 4; lastKnownFileType = sourcecode.swift; path = ProfileView.swift; sourceTree = "<group>"; };
		92A359122A97649200602586 /* OtherUserProfileView.swift */ = {isa = PBXFileReference; fileEncoding = 4; lastKnownFileType = sourcecode.swift; path = OtherUserProfileView.swift; sourceTree = "<group>"; };
		92A359142A97649A00602586 /* EditProfileView.swift */ = {isa = PBXFileReference; fileEncoding = 4; lastKnownFileType = sourcecode.swift; path = EditProfileView.swift; sourceTree = "<group>"; };
		92A359162A9764AD00602586 /* SingleChatView.swift */ = {isa = PBXFileReference; fileEncoding = 4; lastKnownFileType = sourcecode.swift; path = SingleChatView.swift; sourceTree = "<group>"; };
		92A359172A9764AE00602586 /* ShareSheetView.swift */ = {isa = PBXFileReference; fileEncoding = 4; lastKnownFileType = sourcecode.swift; path = ShareSheetView.swift; sourceTree = "<group>"; };
		92A3591A2A9764B500602586 /* NewChatView.swift */ = {isa = PBXFileReference; fileEncoding = 4; lastKnownFileType = sourcecode.swift; path = NewChatView.swift; sourceTree = "<group>"; };
		92A3591C2A9764BC00602586 /* ChatListView.swift */ = {isa = PBXFileReference; fileEncoding = 4; lastKnownFileType = sourcecode.swift; path = ChatListView.swift; sourceTree = "<group>"; };
		92A3591F2A9764C500602586 /* ChatListRow.swift */ = {isa = PBXFileReference; fileEncoding = 4; lastKnownFileType = sourcecode.swift; path = ChatListRow.swift; sourceTree = "<group>"; };
		92A359202A9764C500602586 /* UsersView.swift */ = {isa = PBXFileReference; fileEncoding = 4; lastKnownFileType = sourcecode.swift; path = UsersView.swift; sourceTree = "<group>"; };
		92A359212A9764C500602586 /* ChatRow.swift */ = {isa = PBXFileReference; fileEncoding = 4; lastKnownFileType = sourcecode.swift; path = ChatRow.swift; sourceTree = "<group>"; };
		92A359262A97652000602586 /* UserViewModel.swift */ = {isa = PBXFileReference; fileEncoding = 4; lastKnownFileType = sourcecode.swift; path = UserViewModel.swift; sourceTree = "<group>"; };
		92A359272A97652000602586 /* SingleChatViewModel.swift */ = {isa = PBXFileReference; fileEncoding = 4; lastKnownFileType = sourcecode.swift; path = SingleChatViewModel.swift; sourceTree = "<group>"; };
		92A359282A97652000602586 /* NewChatListViewModel.swift */ = {isa = PBXFileReference; fileEncoding = 4; lastKnownFileType = sourcecode.swift; path = NewChatListViewModel.swift; sourceTree = "<group>"; };
		92A359292A97652000602586 /* ChatListViewModel.swift */ = {isa = PBXFileReference; fileEncoding = 4; lastKnownFileType = sourcecode.swift; path = ChatListViewModel.swift; sourceTree = "<group>"; };
		92A3592E2A97668100602586 /* Info.plist */ = {isa = PBXFileReference; lastKnownFileType = text.plist; path = Info.plist; sourceTree = "<group>"; };
		92A359302A978DEF00602586 /* ChatAttachmentDetailsView.swift */ = {isa = PBXFileReference; lastKnownFileType = sourcecode.swift; path = ChatAttachmentDetailsView.swift; sourceTree = "<group>"; };
/* End PBXFileReference section */

/* Begin PBXFrameworksBuildPhase section */
		924E5A292A97526E007E3D02 /* Frameworks */ = {
			isa = PBXFrameworksBuildPhase;
			buildActionMask = 2147483647;
			files = (
				924E5A502A9753A5007E3D02 /* MapItemPicker in Frameworks */,
				924E5A4D2A975387007E3D02 /* SDWebImageSwiftUI in Frameworks */,
				924E5A482A97530A007E3D02 /* FirebaseFirestoreSwift in Frameworks */,
				924E5A442A97530A007E3D02 /* FirebaseDatabaseSwift in Frameworks */,
				924E5A462A97530A007E3D02 /* FirebaseFirestore in Frameworks */,
				924E5A422A97530A007E3D02 /* FirebaseDatabase in Frameworks */,
				924E5A402A97530A007E3D02 /* FirebaseAuth in Frameworks */,
				924E5A4A2A97530A007E3D02 /* FirebaseStorage in Frameworks */,
			);
			runOnlyForDeploymentPostprocessing = 0;
		};
/* End PBXFrameworksBuildPhase section */

/* Begin PBXGroup section */
		924E5A232A97526E007E3D02 = {
			isa = PBXGroup;
			children = (
				924E5A2E2A97526E007E3D02 /* SwiftUIChatApp */,
				924E5A2D2A97526E007E3D02 /* Products */,
			);
			sourceTree = "<group>";
		};
		924E5A2D2A97526E007E3D02 /* Products */ = {
			isa = PBXGroup;
			children = (
				924E5A2C2A97526E007E3D02 /* SwiftUIChatApp.app */,
			);
			name = Products;
			sourceTree = "<group>";
		};
		924E5A2E2A97526E007E3D02 /* SwiftUIChatApp */ = {
			isa = PBXGroup;
			children = (
				92A3592E2A97668100602586 /* Info.plist */,
				924E5A512A9753AF007E3D02 /* Views */,
				924E5A5D2A975546007E3D02 /* ViewModel */,
				924E5A682A97596F007E3D02 /* Model */,
				924E5A712A975D6B007E3D02 /* NetworkManager */,
				924E5A782A975E07007E3D02 /* LocalData */,
				924E5A812A975E8E007E3D02 /* Helper */,
				924E5AB62A97613F007E3D02 /* SupportingFiles */,
				924E5A2F2A97526E007E3D02 /* SwiftUIChatAppApp.swift */,
				924E5A312A97526E007E3D02 /* ContentView.swift */,
				924E5A352A975270007E3D02 /* SwiftUIChatApp.entitlements */,
				924E5A362A975270007E3D02 /* Preview Content */,
			);
			path = SwiftUIChatApp;
			sourceTree = "<group>";
		};
		924E5A362A975270007E3D02 /* Preview Content */ = {
			isa = PBXGroup;
			children = (
				924E5A372A975270007E3D02 /* Preview Assets.xcassets */,
			);
			path = "Preview Content";
			sourceTree = "<group>";
		};
		924E5A512A9753AF007E3D02 /* Views */ = {
			isa = PBXGroup;
			children = (
				924E5A672A9755A6007E3D02 /* ChatView */,
				924E5A662A975597007E3D02 /* ProfileView */,
				924E5A522A9753DA007E3D02 /* OnboardingFlow */,
			);
			path = Views;
			sourceTree = "<group>";
		};
		924E5A522A9753DA007E3D02 /* OnboardingFlow */ = {
			isa = PBXGroup;
			children = (
				924E5A532A975419007E3D02 /* SplashView.swift */,
				924E5A552A97546E007E3D02 /* LoginView.swift */,
				924E5A572A97547A007E3D02 /* SignUpView.swift */,
				924E5A5B2A9754B7007E3D02 /* OnboardingView.swift */,
			);
			path = OnboardingFlow;
			sourceTree = "<group>";
		};
		924E5A5D2A975546007E3D02 /* ViewModel */ = {
			isa = PBXGroup;
			children = (
				92A359252A97652000602586 /* Chat */,
				924E5A602A97555F007E3D02 /* EditProfileViewModel.swift */,
				924E5A5E2A97555E007E3D02 /* LoginViewModel.swift */,
				924E5A5F2A97555F007E3D02 /* SignUpViewModel.swift */,
			);
			path = ViewModel;
			sourceTree = "<group>";
		};
		924E5A662A975597007E3D02 /* ProfileView */ = {
			isa = PBXGroup;
			children = (
				92A359102A97648B00602586 /* ProfileView.swift */,
				92A359142A97649A00602586 /* EditProfileView.swift */,
				92A359122A97649200602586 /* OtherUserProfileView.swift */,
			);
			path = ProfileView;
			sourceTree = "<group>";
		};
		924E5A672A9755A6007E3D02 /* ChatView */ = {
			isa = PBXGroup;
			children = (
				92A3591E2A9764C500602586 /* Cell */,
				92A359172A9764AE00602586 /* ShareSheetView.swift */,
				92A359162A9764AD00602586 /* SingleChatView.swift */,
				92A3591A2A9764B500602586 /* NewChatView.swift */,
				92A3591C2A9764BC00602586 /* ChatListView.swift */,
				92A359302A978DEF00602586 /* ChatAttachmentDetailsView.swift */,
			);
			path = ChatView;
			sourceTree = "<group>";
		};
		924E5A682A97596F007E3D02 /* Model */ = {
			isa = PBXGroup;
			children = (
				924E5A6B2A975985007E3D02 /* AuthUserModel.swift */,
				924E5A6A2A975984007E3D02 /* CountryModel.swift */,
				924E5A692A975984007E3D02 /* UsersModel.swift */,
				924E5A6F2A975D59007E3D02 /* MessageModel.swift */,
			);
			path = Model;
			sourceTree = "<group>";
		};
		924E5A712A975D6B007E3D02 /* NetworkManager */ = {
			isa = PBXGroup;
			children = (
				92A3592F2A97899800602586 /* Validator */,
				92A359032A9763D200602586 /* SessionManager.swift */,
				92A359052A9763D900602586 /* LocalDataManager.swift */,
			);
			path = NetworkManager;
			sourceTree = "<group>";
		};
		924E5A782A975E07007E3D02 /* LocalData */ = {
			isa = PBXGroup;
			children = (
				924E5A7A2A975E15007E3D02 /* LocalCountryCodes.json */,
				924E5A7B2A975E15007E3D02 /* LocalLandmarkData.json */,
				924E5A7C2A975E15007E3D02 /* LocalVideoData.json */,
				924E5A792A975E15007E3D02 /* VideoData.json */,
			);
			path = LocalData;
			sourceTree = "<group>";
		};
		924E5A812A975E8E007E3D02 /* Helper */ = {
			isa = PBXGroup;
			children = (
				924E5AAD2A975EB8007E3D02 /* CustomModifiers */,
				924E5A882A975EB0007E3D02 /* CustomViews */,
				924E5A822A975EA2007E3D02 /* LocationManager.swift */,
				924E5A832A975EA3007E3D02 /* StringConstants.swift */,
				924E5A842A975EA3007E3D02 /* ViewExtensions.swift */,
			);
			path = Helper;
			sourceTree = "<group>";
		};
		924E5A882A975EB0007E3D02 /* CustomViews */ = {
			isa = PBXGroup;
			children = (
				924E5A892A975EB0007E3D02 /* CustomTxtField.swift */,
				924E5A8A2A975EB0007E3D02 /* CustomBtn.swift */,
				924E5A8B2A975EB0007E3D02 /* CustomTxtFieldStyle.swift */,
				924E5A8C2A975EB0007E3D02 /* RectangleShadowView.swift */,
				924E5A8D2A975EB0007E3D02 /* CustomRatingView.swift */,
				924E5A8E2A975EB0007E3D02 /* CustomCountryPickerView.swift */,
				924E5A8F2A975EB0007E3D02 /* CircleImage.swift */,
				924E5A902A975EB0007E3D02 /* CustomDatePickerView.swift */,
				924E5A912A975EB0007E3D02 /* CustomSDWebImageView.swift */,
				924E5A922A975EB0007E3D02 /* CustomPickerView.swift */,
				924E5A932A975EB0007E3D02 /* CustomMapView.swift */,
				924E5A942A975EB0007E3D02 /* CustomProgressView.swift */,
				924E5A952A975EB0007E3D02 /* CustomUserForm.swift */,
				924E5A962A975EB0007E3D02 /* CustomCircularProfilePicture.swift */,
				924E5A972A975EB0007E3D02 /* CustomMapSnapShotView.swift */,
				924E5A982A975EB0007E3D02 /* CustomLocationPicker.swift */,
				924E5A992A975EB0007E3D02 /* CustomBackButton.swift */,
				924E5A9A2A975EB0007E3D02 /* CustomVideoPlayerView.swift */,
			);
			path = CustomViews;
			sourceTree = "<group>";
		};
		924E5AAD2A975EB8007E3D02 /* CustomModifiers */ = {
			isa = PBXGroup;
			children = (
				924E5AAE2A975EB8007E3D02 /* CustomHideKeyboardModifier.swift */,
				924E5AAF2A975EB8007E3D02 /* CustomDatePickerModifier.swift */,
				924E5AB02A975EB8007E3D02 /* CustomLoaderModifier.swift */,
				924E5AB12A975EB8007E3D02 /* NavigationUtils.swift */,
			);
			path = CustomModifiers;
			sourceTree = "<group>";
		};
		924E5AB62A97613F007E3D02 /* SupportingFiles */ = {
			isa = PBXGroup;
			children = (
				924E5AB72A97614C007E3D02 /* GoogleService-Info.plist */,
				924E5A332A975270007E3D02 /* Assets.xcassets */,
			);
			path = SupportingFiles;
			sourceTree = "<group>";
		};
		92A3591E2A9764C500602586 /* Cell */ = {
			isa = PBXGroup;
			children = (
				92A3591F2A9764C500602586 /* ChatListRow.swift */,
				92A359202A9764C500602586 /* UsersView.swift */,
				92A359212A9764C500602586 /* ChatRow.swift */,
			);
			path = Cell;
			sourceTree = "<group>";
		};
		92A359252A97652000602586 /* Chat */ = {
			isa = PBXGroup;
			children = (
				92A359262A97652000602586 /* UserViewModel.swift */,
				92A359272A97652000602586 /* SingleChatViewModel.swift */,
				92A359282A97652000602586 /* NewChatListViewModel.swift */,
				92A359292A97652000602586 /* ChatListViewModel.swift */,
			);
			path = Chat;
			sourceTree = "<group>";
		};
		92A3592F2A97899800602586 /* Validator */ = {
			isa = PBXGroup;
			children = (
				92A359072A9763E300602586 /* SignUpValidator.swift */,
				92A359082A9763E300602586 /* LoginValidator.swift */,
				92A359092A9763E300602586 /* EditProfileValidator.swift */,
				92A3590D2A9763EB00602586 /* ValidationResult.swift */,
			);
			path = Validator;
			sourceTree = "<group>";
		};
/* End PBXGroup section */

/* Begin PBXNativeTarget section */
		924E5A2B2A97526E007E3D02 /* SwiftUIChatApp */ = {
			isa = PBXNativeTarget;
			buildConfigurationList = 924E5A3B2A975270007E3D02 /* Build configuration list for PBXNativeTarget "SwiftUIChatApp" */;
			buildPhases = (
				924E5A282A97526E007E3D02 /* Sources */,
				924E5A292A97526E007E3D02 /* Frameworks */,
				924E5A2A2A97526E007E3D02 /* Resources */,
			);
			buildRules = (
			);
			dependencies = (
			);
			name = SwiftUIChatApp;
			packageProductDependencies = (
				924E5A3F2A97530A007E3D02 /* FirebaseAuth */,
				924E5A412A97530A007E3D02 /* FirebaseDatabase */,
				924E5A432A97530A007E3D02 /* FirebaseDatabaseSwift */,
				924E5A452A97530A007E3D02 /* FirebaseFirestore */,
				924E5A472A97530A007E3D02 /* FirebaseFirestoreSwift */,
				924E5A492A97530A007E3D02 /* FirebaseStorage */,
				924E5A4C2A975387007E3D02 /* SDWebImageSwiftUI */,
				924E5A4F2A9753A5007E3D02 /* MapItemPicker */,
			);
			productName = SwiftUIChatApp;
			productReference = 924E5A2C2A97526E007E3D02 /* SwiftUIChatApp.app */;
			productType = "com.apple.product-type.application";
		};
/* End PBXNativeTarget section */

/* Begin PBXProject section */
		924E5A242A97526E007E3D02 /* Project object */ = {
			isa = PBXProject;
			attributes = {
				BuildIndependentTargetsInParallel = 1;
				LastSwiftUpdateCheck = 1430;
				LastUpgradeCheck = 1430;
				TargetAttributes = {
					924E5A2B2A97526E007E3D02 = {
						CreatedOnToolsVersion = 14.3.1;
					};
				};
			};
			buildConfigurationList = 924E5A272A97526E007E3D02 /* Build configuration list for PBXProject "SwiftUIChatApp" */;
			compatibilityVersion = "Xcode 14.0";
			developmentRegion = en;
			hasScannedForEncodings = 0;
			knownRegions = (
				en,
				Base,
			);
			mainGroup = 924E5A232A97526E007E3D02;
			packageReferences = (
				924E5A3E2A97530A007E3D02 /* XCRemoteSwiftPackageReference "firebase-ios-sdk" */,
				924E5A4B2A975387007E3D02 /* XCRemoteSwiftPackageReference "SDWebImageSwiftUI" */,
				924E5A4E2A9753A5007E3D02 /* XCRemoteSwiftPackageReference "swiftui-map-item-picker" */,
			);
			productRefGroup = 924E5A2D2A97526E007E3D02 /* Products */;
			projectDirPath = "";
			projectRoot = "";
			targets = (
				924E5A2B2A97526E007E3D02 /* SwiftUIChatApp */,
			);
		};
/* End PBXProject section */

/* Begin PBXResourcesBuildPhase section */
		924E5A2A2A97526E007E3D02 /* Resources */ = {
			isa = PBXResourcesBuildPhase;
			buildActionMask = 2147483647;
			files = (
				924E5A382A975270007E3D02 /* Preview Assets.xcassets in Resources */,
				924E5A7F2A975E15007E3D02 /* LocalLandmarkData.json in Resources */,
				924E5A802A975E15007E3D02 /* LocalVideoData.json in Resources */,
				924E5A7E2A975E15007E3D02 /* LocalCountryCodes.json in Resources */,
				924E5A7D2A975E15007E3D02 /* VideoData.json in Resources */,
				924E5AB82A97614C007E3D02 /* GoogleService-Info.plist in Resources */,
				924E5A342A975270007E3D02 /* Assets.xcassets in Resources */,
			);
			runOnlyForDeploymentPostprocessing = 0;
		};
/* End PBXResourcesBuildPhase section */

/* Begin PBXSourcesBuildPhase section */
		924E5A282A97526E007E3D02 /* Sources */ = {
			isa = PBXSourcesBuildPhase;
			buildActionMask = 2147483647;
			files = (
				924E5A322A97526E007E3D02 /* ContentView.swift in Sources */,
				924E5A582A97547A007E3D02 /* SignUpView.swift in Sources */,
				92A3592B2A97652000602586 /* SingleChatViewModel.swift in Sources */,
				924E5AA32A975EB0007E3D02 /* CustomSDWebImageView.swift in Sources */,
				924E5A6D2A975985007E3D02 /* CountryModel.swift in Sources */,
				924E5A622A97555F007E3D02 /* SignUpViewModel.swift in Sources */,
				924E5A6E2A975985007E3D02 /* AuthUserModel.swift in Sources */,
				924E5AAC2A975EB0007E3D02 /* CustomVideoPlayerView.swift in Sources */,
				924E5AA52A975EB0007E3D02 /* CustomMapView.swift in Sources */,
				924E5AAA2A975EB0007E3D02 /* CustomLocationPicker.swift in Sources */,
				924E5A9D2A975EB0007E3D02 /* CustomTxtFieldStyle.swift in Sources */,
				924E5AAB2A975EB0007E3D02 /* CustomBackButton.swift in Sources */,
				92A3590E2A9763EB00602586 /* ValidationResult.swift in Sources */,
				92A359132A97649200602586 /* OtherUserProfileView.swift in Sources */,
				92A3591B2A9764B500602586 /* NewChatView.swift in Sources */,
				92A359192A9764AE00602586 /* ShareSheetView.swift in Sources */,
				924E5A302A97526E007E3D02 /* SwiftUIChatAppApp.swift in Sources */,
				92A3591D2A9764BC00602586 /* ChatListView.swift in Sources */,
				92A359312A978DEF00602586 /* ChatAttachmentDetailsView.swift in Sources */,
				92A3590B2A9763E300602586 /* LoginValidator.swift in Sources */,
				92A359232A9764C500602586 /* UsersView.swift in Sources */,
				924E5AA12A975EB0007E3D02 /* CircleImage.swift in Sources */,
				92A3590C2A9763E300602586 /* EditProfileValidator.swift in Sources */,
				92A359222A9764C500602586 /* ChatListRow.swift in Sources */,
				924E5A702A975D59007E3D02 /* MessageModel.swift in Sources */,
				92A3592A2A97652000602586 /* UserViewModel.swift in Sources */,
				92A359152A97649A00602586 /* EditProfileView.swift in Sources */,
				924E5A5C2A9754B7007E3D02 /* OnboardingView.swift in Sources */,
				924E5AB32A975EB8007E3D02 /* CustomDatePickerModifier.swift in Sources */,
				92A3592C2A97652000602586 /* NewChatListViewModel.swift in Sources */,
				924E5A862A975EA3007E3D02 /* StringConstants.swift in Sources */,
				924E5A562A97546E007E3D02 /* LoginView.swift in Sources */,
				924E5A872A975EA3007E3D02 /* ViewExtensions.swift in Sources */,
				924E5AA72A975EB0007E3D02 /* CustomUserForm.swift in Sources */,
				924E5A9F2A975EB0007E3D02 /* CustomRatingView.swift in Sources */,
				92A359062A9763D900602586 /* LocalDataManager.swift in Sources */,
				924E5A9C2A975EB0007E3D02 /* CustomBtn.swift in Sources */,
				92A359182A9764AE00602586 /* SingleChatView.swift in Sources */,
				924E5AA82A975EB0007E3D02 /* CustomCircularProfilePicture.swift in Sources */,
				924E5A632A97555F007E3D02 /* EditProfileViewModel.swift in Sources */,
				924E5A852A975EA3007E3D02 /* LocationManager.swift in Sources */,
				924E5A9B2A975EB0007E3D02 /* CustomTxtField.swift in Sources */,
				924E5A542A975419007E3D02 /* SplashView.swift in Sources */,
				924E5AB52A975EB8007E3D02 /* NavigationUtils.swift in Sources */,
				92A359242A9764C500602586 /* ChatRow.swift in Sources */,
				924E5A6C2A975985007E3D02 /* UsersModel.swift in Sources */,
				924E5AB22A975EB8007E3D02 /* CustomHideKeyboardModifier.swift in Sources */,
				924E5AA42A975EB0007E3D02 /* CustomPickerView.swift in Sources */,
				924E5AA92A975EB0007E3D02 /* CustomMapSnapShotView.swift in Sources */,
				924E5AB42A975EB8007E3D02 /* CustomLoaderModifier.swift in Sources */,
				92A359112A97648B00602586 /* ProfileView.swift in Sources */,
				924E5A9E2A975EB0007E3D02 /* RectangleShadowView.swift in Sources */,
				924E5AA02A975EB0007E3D02 /* CustomCountryPickerView.swift in Sources */,
				92A3590A2A9763E300602586 /* SignUpValidator.swift in Sources */,
				924E5A612A97555F007E3D02 /* LoginViewModel.swift in Sources */,
				924E5AA62A975EB0007E3D02 /* CustomProgressView.swift in Sources */,
				924E5AA22A975EB0007E3D02 /* CustomDatePickerView.swift in Sources */,
				92A3592D2A97652000602586 /* ChatListViewModel.swift in Sources */,
				92A359042A9763D200602586 /* SessionManager.swift in Sources */,
			);
			runOnlyForDeploymentPostprocessing = 0;
		};
/* End PBXSourcesBuildPhase section */

/* Begin XCBuildConfiguration section */
		924E5A392A975270007E3D02 /* Debug */ = {
			isa = XCBuildConfiguration;
			buildSettings = {
				ALWAYS_SEARCH_USER_PATHS = NO;
				CLANG_ANALYZER_NONNULL = YES;
				CLANG_ANALYZER_NUMBER_OBJECT_CONVERSION = YES_AGGRESSIVE;
				CLANG_CXX_LANGUAGE_STANDARD = "gnu++20";
				CLANG_ENABLE_MODULES = YES;
				CLANG_ENABLE_OBJC_ARC = YES;
				CLANG_ENABLE_OBJC_WEAK = YES;
				CLANG_WARN_BLOCK_CAPTURE_AUTORELEASING = YES;
				CLANG_WARN_BOOL_CONVERSION = YES;
				CLANG_WARN_COMMA = YES;
				CLANG_WARN_CONSTANT_CONVERSION = YES;
				CLANG_WARN_DEPRECATED_OBJC_IMPLEMENTATIONS = YES;
				CLANG_WARN_DIRECT_OBJC_ISA_USAGE = YES_ERROR;
				CLANG_WARN_DOCUMENTATION_COMMENTS = YES;
				CLANG_WARN_EMPTY_BODY = YES;
				CLANG_WARN_ENUM_CONVERSION = YES;
				CLANG_WARN_INFINITE_RECURSION = YES;
				CLANG_WARN_INT_CONVERSION = YES;
				CLANG_WARN_NON_LITERAL_NULL_CONVERSION = YES;
				CLANG_WARN_OBJC_IMPLICIT_RETAIN_SELF = YES;
				CLANG_WARN_OBJC_LITERAL_CONVERSION = YES;
				CLANG_WARN_OBJC_ROOT_CLASS = YES_ERROR;
				CLANG_WARN_QUOTED_INCLUDE_IN_FRAMEWORK_HEADER = YES;
				CLANG_WARN_RANGE_LOOP_ANALYSIS = YES;
				CLANG_WARN_STRICT_PROTOTYPES = YES;
				CLANG_WARN_SUSPICIOUS_MOVE = YES;
				CLANG_WARN_UNGUARDED_AVAILABILITY = YES_AGGRESSIVE;
				CLANG_WARN_UNREACHABLE_CODE = YES;
				CLANG_WARN__DUPLICATE_METHOD_MATCH = YES;
				COPY_PHASE_STRIP = NO;
				DEBUG_INFORMATION_FORMAT = dwarf;
				ENABLE_STRICT_OBJC_MSGSEND = YES;
				ENABLE_TESTABILITY = YES;
				GCC_C_LANGUAGE_STANDARD = gnu11;
				GCC_DYNAMIC_NO_PIC = NO;
				GCC_NO_COMMON_BLOCKS = YES;
				GCC_OPTIMIZATION_LEVEL = 0;
				GCC_PREPROCESSOR_DEFINITIONS = (
					"DEBUG=1",
					"$(inherited)",
				);
				GCC_WARN_64_TO_32_BIT_CONVERSION = YES;
				GCC_WARN_ABOUT_RETURN_TYPE = YES_ERROR;
				GCC_WARN_UNDECLARED_SELECTOR = YES;
				GCC_WARN_UNINITIALIZED_AUTOS = YES_AGGRESSIVE;
				GCC_WARN_UNUSED_FUNCTION = YES;
				GCC_WARN_UNUSED_VARIABLE = YES;
				MTL_ENABLE_DEBUG_INFO = INCLUDE_SOURCE;
				MTL_FAST_MATH = YES;
				ONLY_ACTIVE_ARCH = YES;
				SWIFT_ACTIVE_COMPILATION_CONDITIONS = DEBUG;
				SWIFT_OPTIMIZATION_LEVEL = "-Onone";
			};
			name = Debug;
		};
		924E5A3A2A975270007E3D02 /* Release */ = {
			isa = XCBuildConfiguration;
			buildSettings = {
				ALWAYS_SEARCH_USER_PATHS = NO;
				CLANG_ANALYZER_NONNULL = YES;
				CLANG_ANALYZER_NUMBER_OBJECT_CONVERSION = YES_AGGRESSIVE;
				CLANG_CXX_LANGUAGE_STANDARD = "gnu++20";
				CLANG_ENABLE_MODULES = YES;
				CLANG_ENABLE_OBJC_ARC = YES;
				CLANG_ENABLE_OBJC_WEAK = YES;
				CLANG_WARN_BLOCK_CAPTURE_AUTORELEASING = YES;
				CLANG_WARN_BOOL_CONVERSION = YES;
				CLANG_WARN_COMMA = YES;
				CLANG_WARN_CONSTANT_CONVERSION = YES;
				CLANG_WARN_DEPRECATED_OBJC_IMPLEMENTATIONS = YES;
				CLANG_WARN_DIRECT_OBJC_ISA_USAGE = YES_ERROR;
				CLANG_WARN_DOCUMENTATION_COMMENTS = YES;
				CLANG_WARN_EMPTY_BODY = YES;
				CLANG_WARN_ENUM_CONVERSION = YES;
				CLANG_WARN_INFINITE_RECURSION = YES;
				CLANG_WARN_INT_CONVERSION = YES;
				CLANG_WARN_NON_LITERAL_NULL_CONVERSION = YES;
				CLANG_WARN_OBJC_IMPLICIT_RETAIN_SELF = YES;
				CLANG_WARN_OBJC_LITERAL_CONVERSION = YES;
				CLANG_WARN_OBJC_ROOT_CLASS = YES_ERROR;
				CLANG_WARN_QUOTED_INCLUDE_IN_FRAMEWORK_HEADER = YES;
				CLANG_WARN_RANGE_LOOP_ANALYSIS = YES;
				CLANG_WARN_STRICT_PROTOTYPES = YES;
				CLANG_WARN_SUSPICIOUS_MOVE = YES;
				CLANG_WARN_UNGUARDED_AVAILABILITY = YES_AGGRESSIVE;
				CLANG_WARN_UNREACHABLE_CODE = YES;
				CLANG_WARN__DUPLICATE_METHOD_MATCH = YES;
				COPY_PHASE_STRIP = NO;
				DEBUG_INFORMATION_FORMAT = "dwarf-with-dsym";
				ENABLE_NS_ASSERTIONS = NO;
				ENABLE_STRICT_OBJC_MSGSEND = YES;
				GCC_C_LANGUAGE_STANDARD = gnu11;
				GCC_NO_COMMON_BLOCKS = YES;
				GCC_WARN_64_TO_32_BIT_CONVERSION = YES;
				GCC_WARN_ABOUT_RETURN_TYPE = YES_ERROR;
				GCC_WARN_UNDECLARED_SELECTOR = YES;
				GCC_WARN_UNINITIALIZED_AUTOS = YES_AGGRESSIVE;
				GCC_WARN_UNUSED_FUNCTION = YES;
				GCC_WARN_UNUSED_VARIABLE = YES;
				MTL_ENABLE_DEBUG_INFO = NO;
				MTL_FAST_MATH = YES;
				SWIFT_COMPILATION_MODE = wholemodule;
				SWIFT_OPTIMIZATION_LEVEL = "-O";
			};
			name = Release;
		};
		924E5A3C2A975270007E3D02 /* Debug */ = {
			isa = XCBuildConfiguration;
			buildSettings = {
				ASSETCATALOG_COMPILER_APPICON_NAME = AppIcon;
				ASSETCATALOG_COMPILER_GLOBAL_ACCENT_COLOR_NAME = AccentColor;
				CODE_SIGN_ENTITLEMENTS = SwiftUIChatApp/SwiftUIChatApp.entitlements;
				CODE_SIGN_STYLE = Automatic;
				CURRENT_PROJECT_VERSION = 1;
				DEVELOPMENT_ASSET_PATHS = "\"SwiftUIChatApp/Preview Content\"";
				ENABLE_PREVIEWS = YES;
				GENERATE_INFOPLIST_FILE = YES;
				INFOPLIST_FILE = SwiftUIChatApp/Info.plist;
				"INFOPLIST_KEY_UIApplicationSceneManifest_Generation[sdk=iphoneos*]" = YES;
				"INFOPLIST_KEY_UIApplicationSceneManifest_Generation[sdk=iphonesimulator*]" = YES;
				"INFOPLIST_KEY_UIApplicationSupportsIndirectInputEvents[sdk=iphoneos*]" = YES;
				"INFOPLIST_KEY_UIApplicationSupportsIndirectInputEvents[sdk=iphonesimulator*]" = YES;
				"INFOPLIST_KEY_UILaunchScreen_Generation[sdk=iphoneos*]" = YES;
				"INFOPLIST_KEY_UILaunchScreen_Generation[sdk=iphonesimulator*]" = YES;
				"INFOPLIST_KEY_UIStatusBarStyle[sdk=iphoneos*]" = UIStatusBarStyleDefault;
				"INFOPLIST_KEY_UIStatusBarStyle[sdk=iphonesimulator*]" = UIStatusBarStyleDefault;
				INFOPLIST_KEY_UISupportedInterfaceOrientations = UIInterfaceOrientationPortrait;
				IPHONEOS_DEPLOYMENT_TARGET = 16.4;
				LD_RUNPATH_SEARCH_PATHS = "@executable_path/Frameworks";
				"LD_RUNPATH_SEARCH_PATHS[sdk=macosx*]" = "@executable_path/../Frameworks";
				MACOSX_DEPLOYMENT_TARGET = 13.3;
				MARKETING_VERSION = 1.0;
				PRODUCT_BUNDLE_IDENTIFIER = Neosoft.SwiftUIChatApp;
				PRODUCT_NAME = "$(TARGET_NAME)";
				SDKROOT = auto;
				SUPPORTED_PLATFORMS = "iphoneos iphonesimulator macosx";
				SWIFT_EMIT_LOC_STRINGS = YES;
				SWIFT_VERSION = 5.0;
				TARGETED_DEVICE_FAMILY = "1,2";
			};
			name = Debug;
		};
		924E5A3D2A975270007E3D02 /* Release */ = {
			isa = XCBuildConfiguration;
			buildSettings = {
				ASSETCATALOG_COMPILER_APPICON_NAME = AppIcon;
				ASSETCATALOG_COMPILER_GLOBAL_ACCENT_COLOR_NAME = AccentColor;
				CODE_SIGN_ENTITLEMENTS = SwiftUIChatApp/SwiftUIChatApp.entitlements;
				CODE_SIGN_STYLE = Automatic;
				CURRENT_PROJECT_VERSION = 1;
				DEVELOPMENT_ASSET_PATHS = "\"SwiftUIChatApp/Preview Content\"";
				ENABLE_PREVIEWS = YES;
				GENERATE_INFOPLIST_FILE = YES;
				INFOPLIST_FILE = SwiftUIChatApp/Info.plist;
				"INFOPLIST_KEY_UIApplicationSceneManifest_Generation[sdk=iphoneos*]" = YES;
				"INFOPLIST_KEY_UIApplicationSceneManifest_Generation[sdk=iphonesimulator*]" = YES;
				"INFOPLIST_KEY_UIApplicationSupportsIndirectInputEvents[sdk=iphoneos*]" = YES;
				"INFOPLIST_KEY_UIApplicationSupportsIndirectInputEvents[sdk=iphonesimulator*]" = YES;
				"INFOPLIST_KEY_UILaunchScreen_Generation[sdk=iphoneos*]" = YES;
				"INFOPLIST_KEY_UILaunchScreen_Generation[sdk=iphonesimulator*]" = YES;
				"INFOPLIST_KEY_UIStatusBarStyle[sdk=iphoneos*]" = UIStatusBarStyleDefault;
				"INFOPLIST_KEY_UIStatusBarStyle[sdk=iphonesimulator*]" = UIStatusBarStyleDefault;
				INFOPLIST_KEY_UISupportedInterfaceOrientations = UIInterfaceOrientationPortrait;
				IPHONEOS_DEPLOYMENT_TARGET = 16.4;
				LD_RUNPATH_SEARCH_PATHS = "@executable_path/Frameworks";
				"LD_RUNPATH_SEARCH_PATHS[sdk=macosx*]" = "@executable_path/../Frameworks";
				MACOSX_DEPLOYMENT_TARGET = 13.3;
				MARKETING_VERSION = 1.0;
				PRODUCT_BUNDLE_IDENTIFIER = Neosoft.SwiftUIChatApp;
				PRODUCT_NAME = "$(TARGET_NAME)";
				SDKROOT = auto;
				SUPPORTED_PLATFORMS = "iphoneos iphonesimulator macosx";
				SWIFT_EMIT_LOC_STRINGS = YES;
				SWIFT_VERSION = 5.0;
				TARGETED_DEVICE_FAMILY = "1,2";
			};
			name = Release;
		};
/* End XCBuildConfiguration section */

/* Begin XCConfigurationList section */
		924E5A272A97526E007E3D02 /* Build configuration list for PBXProject "SwiftUIChatApp" */ = {
			isa = XCConfigurationList;
			buildConfigurations = (
				924E5A392A975270007E3D02 /* Debug */,
				924E5A3A2A975270007E3D02 /* Release */,
			);
			defaultConfigurationIsVisible = 0;
			defaultConfigurationName = Release;
		};
		924E5A3B2A975270007E3D02 /* Build configuration list for PBXNativeTarget "SwiftUIChatApp" */ = {
			isa = XCConfigurationList;
			buildConfigurations = (
				924E5A3C2A975270007E3D02 /* Debug */,
				924E5A3D2A975270007E3D02 /* Release */,
			);
			defaultConfigurationIsVisible = 0;
			defaultConfigurationName = Release;
		};
/* End XCConfigurationList section */

/* Begin XCRemoteSwiftPackageReference section */
		924E5A3E2A97530A007E3D02 /* XCRemoteSwiftPackageReference "firebase-ios-sdk" */ = {
			isa = XCRemoteSwiftPackageReference;
			repositoryURL = "https://github.com/firebase/firebase-ios-sdk.git";
			requirement = {
				kind = upToNextMajorVersion;
				minimumVersion = 10.0.0;
			};
		};
		924E5A4B2A975387007E3D02 /* XCRemoteSwiftPackageReference "SDWebImageSwiftUI" */ = {
			isa = XCRemoteSwiftPackageReference;
			repositoryURL = "https://github.com/SDWebImage/SDWebImageSwiftUI.git";
			requirement = {
				kind = upToNextMajorVersion;
				minimumVersion = 2.0.0;
			};
		};
		924E5A4E2A9753A5007E3D02 /* XCRemoteSwiftPackageReference "swiftui-map-item-picker" */ = {
			isa = XCRemoteSwiftPackageReference;
			repositoryURL = "https://github.com/lorenzofiamingo/swiftui-map-item-picker";
			requirement = {
				kind = upToNextMajorVersion;
				minimumVersion = 2.0.0;
			};
		};
/* End XCRemoteSwiftPackageReference section */

/* Begin XCSwiftPackageProductDependency section */
		924E5A3F2A97530A007E3D02 /* FirebaseAuth */ = {
			isa = XCSwiftPackageProductDependency;
			package = 924E5A3E2A97530A007E3D02 /* XCRemoteSwiftPackageReference "firebase-ios-sdk" */;
			productName = FirebaseAuth;
		};
		924E5A412A97530A007E3D02 /* FirebaseDatabase */ = {
			isa = XCSwiftPackageProductDependency;
			package = 924E5A3E2A97530A007E3D02 /* XCRemoteSwiftPackageReference "firebase-ios-sdk" */;
			productName = FirebaseDatabase;
		};
		924E5A432A97530A007E3D02 /* FirebaseDatabaseSwift */ = {
			isa = XCSwiftPackageProductDependency;
			package = 924E5A3E2A97530A007E3D02 /* XCRemoteSwiftPackageReference "firebase-ios-sdk" */;
			productName = FirebaseDatabaseSwift;
		};
		924E5A452A97530A007E3D02 /* FirebaseFirestore */ = {
			isa = XCSwiftPackageProductDependency;
			package = 924E5A3E2A97530A007E3D02 /* XCRemoteSwiftPackageReference "firebase-ios-sdk" */;
			productName = FirebaseFirestore;
		};
		924E5A472A97530A007E3D02 /* FirebaseFirestoreSwift */ = {
			isa = XCSwiftPackageProductDependency;
			package = 924E5A3E2A97530A007E3D02 /* XCRemoteSwiftPackageReference "firebase-ios-sdk" */;
			productName = FirebaseFirestoreSwift;
		};
		924E5A492A97530A007E3D02 /* FirebaseStorage */ = {
			isa = XCSwiftPackageProductDependency;
			package = 924E5A3E2A97530A007E3D02 /* XCRemoteSwiftPackageReference "firebase-ios-sdk" */;
			productName = FirebaseStorage;
		};
		924E5A4C2A975387007E3D02 /* SDWebImageSwiftUI */ = {
			isa = XCSwiftPackageProductDependency;
			package = 924E5A4B2A975387007E3D02 /* XCRemoteSwiftPackageReference "SDWebImageSwiftUI" */;
			productName = SDWebImageSwiftUI;
		};
		924E5A4F2A9753A5007E3D02 /* MapItemPicker */ = {
			isa = XCSwiftPackageProductDependency;
			package = 924E5A4E2A9753A5007E3D02 /* XCRemoteSwiftPackageReference "swiftui-map-item-picker" */;
			productName = MapItemPicker;
		};
/* End XCSwiftPackageProductDependency section */
	};
	rootObject = 924E5A242A97526E007E3D02 /* Project object */;
}
